
Microsoft Visual Studio Solution File, Format Version 12.00
# Visual Studio Version 17
VisualStudioVersion = 17.14.37111.16 d17.14
MinimumVisualStudioVersion = 10.0.40219.1
Project("{FAE04EC0-301F-11D3-BF4B-00C04F79EFBC}") = "LibrarySystem", "LibrarySystem\LibrarySystem.csproj", "{4BCD6EBE-B82A-48CE-85AE-C9C3EA9F36B4}"
EndProject
Project("{FAE04EC0-301F-11D3-BF4B-00C04F79EFBC}") = "LibrarySystem.Tests", "LibrarySystem.Tests\LibrarySystem.Tests.csproj", "{14A7C353-25A3-4D53-B836-1ACE1FB4D5C2}"
EndProject
Project("{2150E333-8FDC-42A3-9474-1A3956D46DE8}") = "Solution Items", "Solution Items", "{8EC462FD-D22E-90A8-E5CE-7E832BA40C5D}"
	ProjectSection(SolutionItems) = preProject
		README.md = README.md
	EndProjectSection
EndProject
Global
	GlobalSection(SolutionConfigurationPlatforms) = preSolution
		Debug|Any CPU = Debug|Any CPU
		Release|Any CPU = Release|Any CPU
	EndGlobalSection
	GlobalSection(ProjectConfigurationPlatforms) = postSolution
		{4BCD6EBE-B82A-48CE-85AE-C9C3EA9F36B4}.Debug|Any CPU.ActiveCfg = Debug|Any CPU
		{4BCD6EBE-B82A-48CE-85AE-C9C3EA9F36B4}.Debug|Any CPU.Build.0 = Debug|Any CPU
		{4BCD6EBE-B82A-48CE-85AE-C9C3EA9F36B4}.Release|Any CPU.ActiveCfg = Release|Any CPU
		{4BCD6EBE-B82A-48CE-85AE-C9C3EA9F36B4}.Release|Any CPU.Build.0 = Release|Any CPU
		{14A7C353-25A3-4D53-B836-1ACE1FB4D5C2}.Debug|Any CPU.ActiveCfg = Debug|Any CPU
		{14A7C353-25A3-4D53-B836-1ACE1FB4D5C2}.Debug|Any CPU.Build.0 = Debug|Any CPU
		{14A7C353-25A3-4D53-B836-1ACE1FB4D5C2}.Release|Any CPU.ActiveCfg = Release|Any CPU
		{14A7C353-25A3-4D53-B836-1ACE1FB4D5C2}.Release|Any CPU.Build.0 = Release|Any CPU
	EndGlobalSection
	GlobalSection(SolutionProperties) = preSolution
		HideSolutionNode = FALSE
	EndGlobalSection
	GlobalSection(ExtensibilityGlobals) = postSolution
		SolutionGuid = {65873CC8-EB0B-4D91-9679-9267AFAC2A04}
	EndGlobalSection
EndGlobal
